
Microsoft Visual Studio Solution File, Format Version 12.00
# Visual Studio 15
VisualStudioVersion = 15.0.26020.0
MinimumVisualStudioVersion = 10.0.40219.1
Project("{2150E333-8FDC-42A3-9474-1A3956D46DE8}") = "Meta", "Meta", "{0FF544BE-E75C-4EF7-AEB3-A534ED5D7BB5}"
	ProjectSection(SolutionItems) = preProject
		.gitattributes = .gitattributes
		.gitignore = .gitignore
		global.json = global.json
		LICENSE.txt = LICENSE.txt
		README.md = README.md
		ReleaseNotes.md = ReleaseNotes.md
	EndProjectSection
EndProject
Project("{9A19103F-16F7-4668-BE54-9A1E7A4F7556}") = "Scientist", "src\Scientist\Scientist.csproj", "{AF3E98CD-DA8C-43B2-8217-76B6AE8BCA20}"
EndProject
Project("{9A19103F-16F7-4668-BE54-9A1E7A4F7556}") = "Scientist.Test", "test\Scientist.Test\Scientist.Test.csproj", "{0686E0A8-FB25-4B20-9BC0-CD05E916E5AD}"
EndProject
Global
	GlobalSection(SolutionConfigurationPlatforms) = preSolution
		Debug|Any CPU = Debug|Any CPU
		Release|Any CPU = Release|Any CPU
	EndGlobalSection
	GlobalSection(ProjectConfigurationPlatforms) = postSolution
		{AF3E98CD-DA8C-43B2-8217-76B6AE8BCA20}.Debug|Any CPU.ActiveCfg = Debug|Any CPU
		{AF3E98CD-DA8C-43B2-8217-76B6AE8BCA20}.Debug|Any CPU.Build.0 = Debug|Any CPU
		{AF3E98CD-DA8C-43B2-8217-76B6AE8BCA20}.Release|Any CPU.ActiveCfg = Release|Any CPU
		{AF3E98CD-DA8C-43B2-8217-76B6AE8BCA20}.Release|Any CPU.Build.0 = Release|Any CPU
		{0686E0A8-FB25-4B20-9BC0-CD05E916E5AD}.Debug|Any CPU.ActiveCfg = Debug|Any CPU
		{0686E0A8-FB25-4B20-9BC0-CD05E916E5AD}.Debug|Any CPU.Build.0 = Debug|Any CPU
		{0686E0A8-FB25-4B20-9BC0-CD05E916E5AD}.Release|Any CPU.ActiveCfg = Release|Any CPU
		{0686E0A8-FB25-4B20-9BC0-CD05E916E5AD}.Release|Any CPU.Build.0 = Release|Any CPU
	EndGlobalSection
	GlobalSection(SolutionProperties) = preSolution
		HideSolutionNode = FALSE
	EndGlobalSection
EndGlobal
