
Microsoft Visual Studio Solution File, Format Version 12.00
# Visual Studio 14
VisualStudioVersion = 14.0.24720.0
MinimumVisualStudioVersion = 10.0.40219.1
Project("{2150E333-8FDC-42A3-9474-1A3956D46DE8}") = "src", "src", "{22590713-4A31-401C-A39C-DA8B7011EFDD}"
EndProject
Project("{2150E333-8FDC-42A3-9474-1A3956D46DE8}") = "Meta", "Meta", "{0FF544BE-E75C-4EF7-AEB3-A534ED5D7BB5}"
	ProjectSection(SolutionItems) = preProject
		.gitattributes = .gitattributes
		.gitignore = .gitignore
		global.json = global.json
		LICENSE.txt = LICENSE.txt
		README.md = README.md
	EndProjectSection
EndProject
Project("{FAE04EC0-301F-11D3-BF4B-00C04F79EFBC}") = "UnitTests", "UnitTests\UnitTests.csproj", "{2D25879A-6768-4D96-9299-63BCA675B822}"
EndProject
Project("{8BB2217D-0F2D-49D1-97BC-3654ED321F3B}") = "Scientist", "src\Scientist\Scientist.xproj", "{AF3E98CD-DA8C-43B2-8217-76B6AE8BCA20}"
EndProject
Global
	GlobalSection(SolutionConfigurationPlatforms) = preSolution
		Debug|Any CPU = Debug|Any CPU
		Release|Any CPU = Release|Any CPU
	EndGlobalSection
	GlobalSection(ProjectConfigurationPlatforms) = postSolution
		{2D25879A-6768-4D96-9299-63BCA675B822}.Debug|Any CPU.ActiveCfg = Debug|Any CPU
		{2D25879A-6768-4D96-9299-63BCA675B822}.Debug|Any CPU.Build.0 = Debug|Any CPU
		{2D25879A-6768-4D96-9299-63BCA675B822}.Release|Any CPU.ActiveCfg = Release|Any CPU
		{2D25879A-6768-4D96-9299-63BCA675B822}.Release|Any CPU.Build.0 = Release|Any CPU
		{AF3E98CD-DA8C-43B2-8217-76B6AE8BCA20}.Debug|Any CPU.ActiveCfg = Debug|Any CPU
		{AF3E98CD-DA8C-43B2-8217-76B6AE8BCA20}.Debug|Any CPU.Build.0 = Debug|Any CPU
		{AF3E98CD-DA8C-43B2-8217-76B6AE8BCA20}.Release|Any CPU.ActiveCfg = Release|Any CPU
		{AF3E98CD-DA8C-43B2-8217-76B6AE8BCA20}.Release|Any CPU.Build.0 = Release|Any CPU
	EndGlobalSection
	GlobalSection(SolutionProperties) = preSolution
		HideSolutionNode = FALSE
	EndGlobalSection
	GlobalSection(NestedProjects) = preSolution
		{2D25879A-6768-4D96-9299-63BCA675B822} = {22590713-4A31-401C-A39C-DA8B7011EFDD}
	EndGlobalSection
EndGlobal
