
Microsoft Visual Studio Solution File, Format Version 12.00
# Visual Studio Version 17
VisualStudioVersion = 17.0.31512.422
MinimumVisualStudioVersion = 10.0.40219.1
Project("{9A19103F-16F7-4668-BE54-9A1E7A4F7556}") = "Scientist", "Scientist\Scientist.csproj", "{8794D5E1-EC60-48CD-A834-63B3531D90B3}"
EndProject
Project("{FAE04EC0-301F-11D3-BF4B-00C04F79EFBC}") = "Scientist.Test", "Scientist.Test\Scientist.Test.csproj", "{8087793F-0EC4-4085-9C18-91D991FFE3DF}"
EndProject
Global
	GlobalSection(SolutionConfigurationPlatforms) = preSolution
		Debug|Any CPU = Debug|Any CPU
		Release|Any CPU = Release|Any CPU
	EndGlobalSection
	GlobalSection(ProjectConfigurationPlatforms) = postSolution
		{8794D5E1-EC60-48CD-A834-63B3531D90B3}.Debug|Any CPU.ActiveCfg = Debug|Any CPU
		{8794D5E1-EC60-48CD-A834-63B3531D90B3}.Debug|Any CPU.Build.0 = Debug|Any CPU
		{8794D5E1-EC60-48CD-A834-63B3531D90B3}.Release|Any CPU.ActiveCfg = Release|Any CPU
		{8794D5E1-EC60-48CD-A834-63B3531D90B3}.Release|Any CPU.Build.0 = Release|Any CPU
		{8087793F-0EC4-4085-9C18-91D991FFE3DF}.Debug|Any CPU.ActiveCfg = Debug|Any CPU
		{8087793F-0EC4-4085-9C18-91D991FFE3DF}.Debug|Any CPU.Build.0 = Debug|Any CPU
		{8087793F-0EC4-4085-9C18-91D991FFE3DF}.Release|Any CPU.ActiveCfg = Release|Any CPU
		{8087793F-0EC4-4085-9C18-91D991FFE3DF}.Release|Any CPU.Build.0 = Release|Any CPU
	EndGlobalSection
	GlobalSection(SolutionProperties) = preSolution
		HideSolutionNode = FALSE
	EndGlobalSection
	GlobalSection(ExtensibilityGlobals) = postSolution
		SolutionGuid = {9285881B-56A7-4C56-8189-DC9C8C2D8F2E}
	EndGlobalSection
EndGlobal
